// !$*UTF8*$!
{
	archiveVersion = 1;
	classes = {
	};
	objectVersion = 77;
	objects = {

/* Begin PBXBuildFile section */
		5BAA26582ED795FF00205CF2 /* Clerk in Frameworks */ = {isa = PBXBuildFile; productRef = 5BAA26572ED795FF00205CF2 /* Clerk */; };
		5BAA26A82EDA366800205CF2 /* Apollo in Frameworks */ = {isa = PBXBuildFile; productRef = 5BAA26A72EDA366800205CF2 /* Apollo */; };
		5BAA26AA2EDA366800205CF2 /* ApolloWebSocket in Frameworks */ = {isa = PBXBuildFile; productRef = 5BAA26A92EDA366800205CF2 /* ApolloWebSocket */; };
		5BAA26AC2EDA379600205CF2 /* apollo-codegen-config.json in Resources */ = {isa = PBXBuildFile; fileRef = 5BAA26AB2EDA379600205CF2 /* apollo-codegen-config.json */; };
		5BAA26AF2EDA380F00205CF2 /* schema.graphqls in Resources */ = {isa = PBXBuildFile; fileRef = 5BAA26AD2EDA380F00205CF2 /* schema.graphqls */; };
		5BAA26B42EDA391E00205CF2 /* Shift.graphql in Resources */ = {isa = PBXBuildFile; fileRef = 5BAA26B32EDA391E00205CF2 /* Shift.graphql */; };
		5BAA26B62EDA39DF00205CF2 /* apollo-codegen-config.yaml in Resources */ = {isa = PBXBuildFile; fileRef = 5BAA26B52EDA39DF00205CF2 /* apollo-codegen-config.yaml */; };
		5BAA26B92EDA3B2400205CF2 /* UpShiftAPI in Frameworks */ = {isa = PBXBuildFile; productRef = 5BAA26B82EDA3B2400205CF2 /* UpShiftAPI */; };
		5BAA26C02EDA669600205CF2 /* HorizonCalendar in Frameworks */ = {isa = PBXBuildFile; productRef = 5BAA26BF2EDA669600205CF2 /* HorizonCalendar */; };
		5BAA26C32EDCDC5B00205CF2 /* SwiftUIIntrospect in Frameworks */ = {isa = PBXBuildFile; productRef = 5BAA26C22EDCDC5B00205CF2 /* SwiftUIIntrospect */; };
/* End PBXBuildFile section */

/* Begin PBXContainerItemProxy section */
		5BAA26392ED790A300205CF2 /* PBXContainerItemProxy */ = {
			isa = PBXContainerItemProxy;
			containerPortal = 5BAA26212ED790A100205CF2 /* Project object */;
			proxyType = 1;
			remoteGlobalIDString = 5BAA26282ED790A100205CF2;
			remoteInfo = UpShiftMobile;
		};
		5BAA26432ED790A300205CF2 /* PBXContainerItemProxy */ = {
			isa = PBXContainerItemProxy;
			containerPortal = 5BAA26212ED790A100205CF2 /* Project object */;
			proxyType = 1;
			remoteGlobalIDString = 5BAA26282ED790A100205CF2;
			remoteInfo = UpShiftMobile;
		};
/* End PBXContainerItemProxy section */

/* Begin PBXFileReference section */
		5BAA26292ED790A200205CF2 /* UpShiftMobile.app */ = {isa = PBXFileReference; explicitFileType = wrapper.application; includeInIndex = 0; path = UpShiftMobile.app; sourceTree = BUILT_PRODUCTS_DIR; };
		5BAA26382ED790A300205CF2 /* UpShiftMobileTests.xctest */ = {isa = PBXFileReference; explicitFileType = wrapper.cfbundle; includeInIndex = 0; path = UpShiftMobileTests.xctest; sourceTree = BUILT_PRODUCTS_DIR; };
		5BAA26422ED790A300205CF2 /* UpShiftMobileUITests.xctest */ = {isa = PBXFileReference; explicitFileType = wrapper.cfbundle; includeInIndex = 0; path = UpShiftMobileUITests.xctest; sourceTree = BUILT_PRODUCTS_DIR; };
		5BAA26AB2EDA379600205CF2 /* apollo-codegen-config.json */ = {isa = PBXFileReference; lastKnownFileType = text.json; path = "apollo-codegen-config.json"; sourceTree = "<group>"; };
		5BAA26AD2EDA380F00205CF2 /* schema.graphqls */ = {isa = PBXFileReference; lastKnownFileType = text; path = schema.graphqls; sourceTree = "<group>"; };
		5BAA26B32EDA391E00205CF2 /* Shift.graphql */ = {isa = PBXFileReference; lastKnownFileType = text; path = Shift.graphql; sourceTree = "<group>"; };
		5BAA26B52EDA39DF00205CF2 /* apollo-codegen-config.yaml */ = {isa = PBXFileReference; lastKnownFileType = text.yaml; path = "apollo-codegen-config.yaml"; sourceTree = "<group>"; };
/* End PBXFileReference section */

/* Begin PBXFileSystemSynchronizedRootGroup section */
		5BAA262B2ED790A200205CF2 /* UpShiftMobile */ = {
			isa = PBXFileSystemSynchronizedRootGroup;
			path = UpShiftMobile;
			sourceTree = "<group>";
		};
		5BAA263B2ED790A300205CF2 /* UpShiftMobileTests */ = {
			isa = PBXFileSystemSynchronizedRootGroup;
			path = UpShiftMobileTests;
			sourceTree = "<group>";
		};
		5BAA26452ED790A300205CF2 /* UpShiftMobileUITests */ = {
			isa = PBXFileSystemSynchronizedRootGroup;
			path = UpShiftMobileUITests;
			sourceTree = "<group>";
		};
		5BAA26BB2EDA3B7E00205CF2 /* ApolloTest */ = {
			isa = PBXFileSystemSynchronizedRootGroup;
			path = ApolloTest;
			sourceTree = "<group>";
		};
/* End PBXFileSystemSynchronizedRootGroup section */

/* Begin PBXFrameworksBuildPhase section */
		5BAA26262ED790A100205CF2 /* Frameworks */ = {
			isa = PBXFrameworksBuildPhase;
			buildActionMask = 2147483647;
			files = (
				5BAA26582ED795FF00205CF2 /* Clerk in Frameworks */,
				5BAA26AA2EDA366800205CF2 /* ApolloWebSocket in Frameworks */,
				5BAA26C02EDA669600205CF2 /* HorizonCalendar in Frameworks */,
				5BAA26C32EDCDC5B00205CF2 /* SwiftUIIntrospect in Frameworks */,
				5BAA26A82EDA366800205CF2 /* Apollo in Frameworks */,
				5BAA26B92EDA3B2400205CF2 /* UpShiftAPI in Frameworks */,
			);
			runOnlyForDeploymentPostprocessing = 0;
		};
		5BAA26352ED790A300205CF2 /* Frameworks */ = {
			isa = PBXFrameworksBuildPhase;
			buildActionMask = 2147483647;
			files = (
			);
			runOnlyForDeploymentPostprocessing = 0;
		};
		5BAA263F2ED790A300205CF2 /* Frameworks */ = {
			isa = PBXFrameworksBuildPhase;
			buildActionMask = 2147483647;
			files = (
			);
			runOnlyForDeploymentPostprocessing = 0;
		};
/* End PBXFrameworksBuildPhase section */

/* Begin PBXGroup section */
		5BAA26202ED790A100205CF2 = {
			isa = PBXGroup;
			children = (
				5BAA26BB2EDA3B7E00205CF2 /* ApolloTest */,
				5BAA26AB2EDA379600205CF2 /* apollo-codegen-config.json */,
				5BAA26AE2EDA380F00205CF2 /* graphql */,
				5BAA262B2ED790A200205CF2 /* UpShiftMobile */,
				5BAA263B2ED790A300205CF2 /* UpShiftMobileTests */,
				5BAA26452ED790A300205CF2 /* UpShiftMobileUITests */,
				5BAA262A2ED790A200205CF2 /* Products */,
			);
			sourceTree = "<group>";
		};
		5BAA262A2ED790A200205CF2 /* Products */ = {
			isa = PBXGroup;
			children = (
				5BAA26292ED790A200205CF2 /* UpShiftMobile.app */,
				5BAA26382ED790A300205CF2 /* UpShiftMobileTests.xctest */,
				5BAA26422ED790A300205CF2 /* UpShiftMobileUITests.xctest */,
			);
			name = Products;
			sourceTree = "<group>";
		};
		5BAA26AE2EDA380F00205CF2 /* graphql */ = {
			isa = PBXGroup;
			children = (
				5BAA26AD2EDA380F00205CF2 /* schema.graphqls */,
				5BAA26B32EDA391E00205CF2 /* Shift.graphql */,
				5BAA26B52EDA39DF00205CF2 /* apollo-codegen-config.yaml */,
			);
			path = graphql;
			sourceTree = "<group>";
		};
/* End PBXGroup section */

/* Begin PBXNativeTarget section */
		5BAA26282ED790A100205CF2 /* UpShiftMobile */ = {
			isa = PBXNativeTarget;
			buildConfigurationList = 5BAA264C2ED790A300205CF2 /* Build configuration list for PBXNativeTarget "UpShiftMobile" */;
			buildPhases = (
				5BAA26252ED790A100205CF2 /* Sources */,
				5BAA26262ED790A100205CF2 /* Frameworks */,
				5BAA26272ED790A100205CF2 /* Resources */,
			);
			buildRules = (
			);
			dependencies = (
			);
			fileSystemSynchronizedGroups = (
				5BAA262B2ED790A200205CF2 /* UpShiftMobile */,
				5BAA26BB2EDA3B7E00205CF2 /* ApolloTest */,
			);
			name = UpShiftMobile;
			packageProductDependencies = (
				5BAA26572ED795FF00205CF2 /* Clerk */,
				5BAA26A72EDA366800205CF2 /* Apollo */,
				5BAA26A92EDA366800205CF2 /* ApolloWebSocket */,
				5BAA26B82EDA3B2400205CF2 /* UpShiftAPI */,
				5BAA26BF2EDA669600205CF2 /* HorizonCalendar */,
				5BAA26C22EDCDC5B00205CF2 /* SwiftUIIntrospect */,
			);
			productName = UpShiftMobile;
			productReference = 5BAA26292ED790A200205CF2 /* UpShiftMobile.app */;
			productType = "com.apple.product-type.application";
		};
		5BAA26372ED790A300205CF2 /* UpShiftMobileTests */ = {
			isa = PBXNativeTarget;
			buildConfigurationList = 5BAA264F2ED790A300205CF2 /* Build configuration list for PBXNativeTarget "UpShiftMobileTests" */;
			buildPhases = (
				5BAA26342ED790A300205CF2 /* Sources */,
				5BAA26352ED790A300205CF2 /* Frameworks */,
				5BAA26362ED790A300205CF2 /* Resources */,
			);
			buildRules = (
			);
			dependencies = (
				5BAA263A2ED790A300205CF2 /* PBXTargetDependency */,
			);
			fileSystemSynchronizedGroups = (
				5BAA263B2ED790A300205CF2 /* UpShiftMobileTests */,
			);
			name = UpShiftMobileTests;
			packageProductDependencies = (
			);
			productName = UpShiftMobileTests;
			productReference = 5BAA26382ED790A300205CF2 /* UpShiftMobileTests.xctest */;
			productType = "com.apple.product-type.bundle.unit-test";
		};
		5BAA26412ED790A300205CF2 /* UpShiftMobileUITests */ = {
			isa = PBXNativeTarget;
			buildConfigurationList = 5BAA26522ED790A300205CF2 /* Build configuration list for PBXNativeTarget "UpShiftMobileUITests" */;
			buildPhases = (
				5BAA263E2ED790A300205CF2 /* Sources */,
				5BAA263F2ED790A300205CF2 /* Frameworks */,
				5BAA26402ED790A300205CF2 /* Resources */,
			);
			buildRules = (
			);
			dependencies = (
				5BAA26442ED790A300205CF2 /* PBXTargetDependency */,
			);
			fileSystemSynchronizedGroups = (
				5BAA26452ED790A300205CF2 /* UpShiftMobileUITests */,
			);
			name = UpShiftMobileUITests;
			packageProductDependencies = (
			);
			productName = UpShiftMobileUITests;
			productReference = 5BAA26422ED790A300205CF2 /* UpShiftMobileUITests.xctest */;
			productType = "com.apple.product-type.bundle.ui-testing";
		};
/* End PBXNativeTarget section */

/* Begin PBXProject section */
		5BAA26212ED790A100205CF2 /* Project object */ = {
			isa = PBXProject;
			attributes = {
				BuildIndependentTargetsInParallel = 1;
				LastSwiftUpdateCheck = 2610;
				LastUpgradeCheck = 2610;
				TargetAttributes = {
					5BAA26282ED790A100205CF2 = {
						CreatedOnToolsVersion = 26.1.1;
					};
					5BAA26372ED790A300205CF2 = {
						CreatedOnToolsVersion = 26.1.1;
						TestTargetID = 5BAA26282ED790A100205CF2;
					};
					5BAA26412ED790A300205CF2 = {
						CreatedOnToolsVersion = 26.1.1;
						TestTargetID = 5BAA26282ED790A100205CF2;
					};
				};
			};
			buildConfigurationList = 5BAA26242ED790A100205CF2 /* Build configuration list for PBXProject "UpShiftMobile" */;
			developmentRegion = en;
			hasScannedForEncodings = 0;
			knownRegions = (
				en,
				Base,
			);
			mainGroup = 5BAA26202ED790A100205CF2;
			minimizedProjectReferenceProxies = 1;
			packageReferences = (
				5BAA26562ED795FF00205CF2 /* XCRemoteSwiftPackageReference "clerk-ios" */,
				5BAA26A62EDA366800205CF2 /* XCRemoteSwiftPackageReference "apollo-ios" */,
				5BAA26B72EDA3B2400205CF2 /* XCLocalSwiftPackageReference "UpShiftAPI" */,
				5BAA26BE2EDA669600205CF2 /* XCRemoteSwiftPackageReference "HorizonCalendar" */,
				5BAA26C12EDCDC5B00205CF2 /* XCRemoteSwiftPackageReference "swiftui-introspect" */,
			);
			preferredProjectObjectVersion = 77;
			productRefGroup = 5BAA262A2ED790A200205CF2 /* Products */;
			projectDirPath = "";
			projectRoot = "";
			targets = (
				5BAA26282ED790A100205CF2 /* UpShiftMobile */,
				5BAA26372ED790A300205CF2 /* UpShiftMobileTests */,
				5BAA26412ED790A300205CF2 /* UpShiftMobileUITests */,
			);
		};
/* End PBXProject section */

/* Begin PBXResourcesBuildPhase section */
		5BAA26272ED790A100205CF2 /* Resources */ = {
			isa = PBXResourcesBuildPhase;
			buildActionMask = 2147483647;
			files = (
				5BAA26B42EDA391E00205CF2 /* Shift.graphql in Resources */,
				5BAA26AC2EDA379600205CF2 /* apollo-codegen-config.json in Resources */,
				5BAA26AF2EDA380F00205CF2 /* schema.graphqls in Resources */,
				5BAA26B62EDA39DF00205CF2 /* apollo-codegen-config.yaml in Resources */,
			);
			runOnlyForDeploymentPostprocessing = 0;
		};
		5BAA26362ED790A300205CF2 /* Resources */ = {
			isa = PBXResourcesBuildPhase;
			buildActionMask = 2147483647;
			files = (
			);
			runOnlyForDeploymentPostprocessing = 0;
		};
		5BAA26402ED790A300205CF2 /* Resources */ = {
			isa = PBXResourcesBuildPhase;
			buildActionMask = 2147483647;
			files = (
			);
			runOnlyForDeploymentPostprocessing = 0;
		};
/* End PBXResourcesBuildPhase section */

/* Begin PBXSourcesBuildPhase section */
		5BAA26252ED790A100205CF2 /* Sources */ = {
			isa = PBXSourcesBuildPhase;
			buildActionMask = 2147483647;
			files = (
			);
			runOnlyForDeploymentPostprocessing = 0;
		};
		5BAA26342ED790A300205CF2 /* Sources */ = {
			isa = PBXSourcesBuildPhase;
			buildActionMask = 2147483647;
			files = (
			);
			runOnlyForDeploymentPostprocessing = 0;
		};
		5BAA263E2ED790A300205CF2 /* Sources */ = {
			isa = PBXSourcesBuildPhase;
			buildActionMask = 2147483647;
			files = (
			);
			runOnlyForDeploymentPostprocessing = 0;
		};
/* End PBXSourcesBuildPhase section */

/* Begin PBXTargetDependency section */
		5BAA263A2ED790A300205CF2 /* PBXTargetDependency */ = {
			isa = PBXTargetDependency;
			target = 5BAA26282ED790A100205CF2 /* UpShiftMobile */;
			targetProxy = 5BAA26392ED790A300205CF2 /* PBXContainerItemProxy */;
		};
		5BAA26442ED790A300205CF2 /* PBXTargetDependency */ = {
			isa = PBXTargetDependency;
			target = 5BAA26282ED790A100205CF2 /* UpShiftMobile */;
			targetProxy = 5BAA26432ED790A300205CF2 /* PBXContainerItemProxy */;
		};
/* End PBXTargetDependency section */

/* Begin XCBuildConfiguration section */
		5BAA264A2ED790A300205CF2 /* Debug */ = {
			isa = XCBuildConfiguration;
			buildSettings = {
				ALWAYS_SEARCH_USER_PATHS = NO;
				ASSETCATALOG_COMPILER_GENERATE_SWIFT_ASSET_SYMBOL_EXTENSIONS = YES;
				CLANG_ANALYZER_NONNULL = YES;
				CLANG_ANALYZER_NUMBER_OBJECT_CONVERSION = YES_AGGRESSIVE;
				CLANG_CXX_LANGUAGE_STANDARD = "gnu++20";
				CLANG_ENABLE_MODULES = YES;
				CLANG_ENABLE_OBJC_ARC = YES;
				CLANG_ENABLE_OBJC_WEAK = YES;
				CLANG_WARN_BLOCK_CAPTURE_AUTORELEASING = YES;
				CLANG_WARN_BOOL_CONVERSION = YES;
				CLANG_WARN_COMMA = YES;
				CLANG_WARN_CONSTANT_CONVERSION = YES;
				CLANG_WARN_DEPRECATED_OBJC_IMPLEMENTATIONS = YES;
				CLANG_WARN_DIRECT_OBJC_ISA_USAGE = YES_ERROR;
				CLANG_WARN_DOCUMENTATION_COMMENTS = YES;
				CLANG_WARN_EMPTY_BODY = YES;
				CLANG_WARN_ENUM_CONVERSION = YES;
				CLANG_WARN_INFINITE_RECURSION = YES;
				CLANG_WARN_INT_CONVERSION = YES;
				CLANG_WARN_NON_LITERAL_NULL_CONVERSION = YES;
				CLANG_WARN_OBJC_IMPLICIT_RETAIN_SELF = YES;
				CLANG_WARN_OBJC_LITERAL_CONVERSION = YES;
				CLANG_WARN_OBJC_ROOT_CLASS = YES_ERROR;
				CLANG_WARN_QUOTED_INCLUDE_IN_FRAMEWORK_HEADER = YES;
				CLANG_WARN_RANGE_LOOP_ANALYSIS = YES;
				CLANG_WARN_STRICT_PROTOTYPES = YES;
				CLANG_WARN_SUSPICIOUS_MOVE = YES;
				CLANG_WARN_UNGUARDED_AVAILABILITY = YES_AGGRESSIVE;
				CLANG_WARN_UNREACHABLE_CODE = YES;
				CLANG_WARN__DUPLICATE_METHOD_MATCH = YES;
				COPY_PHASE_STRIP = NO;
				DEBUG_INFORMATION_FORMAT = dwarf;
				DEVELOPMENT_TEAM = LTXRHLN2L5;
				ENABLE_STRICT_OBJC_MSGSEND = YES;
				ENABLE_TESTABILITY = YES;
				ENABLE_USER_SCRIPT_SANDBOXING = YES;
				GCC_C_LANGUAGE_STANDARD = gnu17;
				GCC_DYNAMIC_NO_PIC = NO;
				GCC_NO_COMMON_BLOCKS = YES;
				GCC_OPTIMIZATION_LEVEL = 0;
				GCC_PREPROCESSOR_DEFINITIONS = (
					"DEBUG=1",
					"$(inherited)",
				);
				GCC_WARN_64_TO_32_BIT_CONVERSION = YES;
				GCC_WARN_ABOUT_RETURN_TYPE = YES_ERROR;
				GCC_WARN_UNDECLARED_SELECTOR = YES;
				GCC_WARN_UNINITIALIZED_AUTOS = YES_AGGRESSIVE;
				GCC_WARN_UNUSED_FUNCTION = YES;
				GCC_WARN_UNUSED_VARIABLE = YES;
				LOCALIZATION_PREFERS_STRING_CATALOGS = YES;
				MTL_ENABLE_DEBUG_INFO = INCLUDE_SOURCE;
				MTL_FAST_MATH = YES;
				ONLY_ACTIVE_ARCH = YES;
				SWIFT_ACTIVE_COMPILATION_CONDITIONS = "DEBUG $(inherited)";
				SWIFT_OPTIMIZATION_LEVEL = "-Onone";
			};
			name = Debug;
		};
		5BAA264B2ED790A300205CF2 /* Release */ = {
			isa = XCBuildConfiguration;
			buildSettings = {
				ALWAYS_SEARCH_USER_PATHS = NO;
				ASSETCATALOG_COMPILER_GENERATE_SWIFT_ASSET_SYMBOL_EXTENSIONS = YES;
				CLANG_ANALYZER_NONNULL = YES;
				CLANG_ANALYZER_NUMBER_OBJECT_CONVERSION = YES_AGGRESSIVE;
				CLANG_CXX_LANGUAGE_STANDARD = "gnu++20";
				CLANG_ENABLE_MODULES = YES;
				CLANG_ENABLE_OBJC_ARC = YES;
				CLANG_ENABLE_OBJC_WEAK = YES;
				CLANG_WARN_BLOCK_CAPTURE_AUTORELEASING = YES;
				CLANG_WARN_BOOL_CONVERSION = YES;
				CLANG_WARN_COMMA = YES;
				CLANG_WARN_CONSTANT_CONVERSION = YES;
				CLANG_WARN_DEPRECATED_OBJC_IMPLEMENTATIONS = YES;
				CLANG_WARN_DIRECT_OBJC_ISA_USAGE = YES_ERROR;
				CLANG_WARN_DOCUMENTATION_COMMENTS = YES;
				CLANG_WARN_EMPTY_BODY = YES;
				CLANG_WARN_ENUM_CONVERSION = YES;
				CLANG_WARN_INFINITE_RECURSION = YES;
				CLANG_WARN_INT_CONVERSION = YES;
				CLANG_WARN_NON_LITERAL_NULL_CONVERSION = YES;
				CLANG_WARN_OBJC_IMPLICIT_RETAIN_SELF = YES;
				CLANG_WARN_OBJC_LITERAL_CONVERSION = YES;
				CLANG_WARN_OBJC_ROOT_CLASS = YES_ERROR;
				CLANG_WARN_QUOTED_INCLUDE_IN_FRAMEWORK_HEADER = YES;
				CLANG_WARN_RANGE_LOOP_ANALYSIS = YES;
				CLANG_WARN_STRICT_PROTOTYPES = YES;
				CLANG_WARN_SUSPICIOUS_MOVE = YES;
				CLANG_WARN_UNGUARDED_AVAILABILITY = YES_AGGRESSIVE;
				CLANG_WARN_UNREACHABLE_CODE = YES;
				CLANG_WARN__DUPLICATE_METHOD_MATCH = YES;
				COPY_PHASE_STRIP = NO;
				DEBUG_INFORMATION_FORMAT = "dwarf-with-dsym";
				DEVELOPMENT_TEAM = LTXRHLN2L5;
				ENABLE_NS_ASSERTIONS = NO;
				ENABLE_STRICT_OBJC_MSGSEND = YES;
				ENABLE_USER_SCRIPT_SANDBOXING = YES;
				GCC_C_LANGUAGE_STANDARD = gnu17;
				GCC_NO_COMMON_BLOCKS = YES;
				GCC_WARN_64_TO_32_BIT_CONVERSION = YES;
				GCC_WARN_ABOUT_RETURN_TYPE = YES_ERROR;
				GCC_WARN_UNDECLARED_SELECTOR = YES;
				GCC_WARN_UNINITIALIZED_AUTOS = YES_AGGRESSIVE;
				GCC_WARN_UNUSED_FUNCTION = YES;
				GCC_WARN_UNUSED_VARIABLE = YES;
				LOCALIZATION_PREFERS_STRING_CATALOGS = YES;
				MTL_ENABLE_DEBUG_INFO = NO;
				MTL_FAST_MATH = YES;
				SWIFT_COMPILATION_MODE = wholemodule;
			};
			name = Release;
		};
		5BAA264D2ED790A300205CF2 /* Debug */ = {
			isa = XCBuildConfiguration;
			buildSettings = {
				ASSETCATALOG_COMPILER_APPICON_NAME = AppIcon;
				ASSETCATALOG_COMPILER_GLOBAL_ACCENT_COLOR_NAME = AccentColor;
				CODE_SIGN_ENTITLEMENTS = UpShiftMobile/UpShiftMobile.entitlements;
				CODE_SIGN_STYLE = Automatic;
				CURRENT_PROJECT_VERSION = 1;
				DEVELOPMENT_TEAM = LTXRHLN2L5;
				ENABLE_APP_SANDBOX = YES;
				ENABLE_HARDENED_RUNTIME = YES;
				ENABLE_PREVIEWS = YES;
				ENABLE_USER_SELECTED_FILES = readonly;
				GENERATE_INFOPLIST_FILE = YES;
				"INFOPLIST_KEY_UIApplicationSceneManifest_Generation[sdk=iphoneos*]" = YES;
				"INFOPLIST_KEY_UIApplicationSceneManifest_Generation[sdk=iphonesimulator*]" = YES;
				"INFOPLIST_KEY_UIApplicationSupportsIndirectInputEvents[sdk=iphoneos*]" = YES;
				"INFOPLIST_KEY_UIApplicationSupportsIndirectInputEvents[sdk=iphonesimulator*]" = YES;
				"INFOPLIST_KEY_UILaunchScreen_Generation[sdk=iphoneos*]" = YES;
				"INFOPLIST_KEY_UILaunchScreen_Generation[sdk=iphonesimulator*]" = YES;
				"INFOPLIST_KEY_UIStatusBarStyle[sdk=iphoneos*]" = UIStatusBarStyleDefault;
				"INFOPLIST_KEY_UIStatusBarStyle[sdk=iphonesimulator*]" = UIStatusBarStyleDefault;
				INFOPLIST_KEY_UISupportedInterfaceOrientations_iPad = "UIInterfaceOrientationPortrait UIInterfaceOrientationPortraitUpsideDown UIInterfaceOrientationLandscapeLeft UIInterfaceOrientationLandscapeRight";
				INFOPLIST_KEY_UISupportedInterfaceOrientations_iPhone = "UIInterfaceOrientationPortrait UIInterfaceOrientationLandscapeLeft UIInterfaceOrientationLandscapeRight";
				IPHONEOS_DEPLOYMENT_TARGET = 26.1;
				LD_RUNPATH_SEARCH_PATHS = "@executable_path/Frameworks";
				"LD_RUNPATH_SEARCH_PATHS[sdk=macosx*]" = "@executable_path/../Frameworks";
				MACOSX_DEPLOYMENT_TARGET = 26.1;
				MARKETING_VERSION = 1.0;
				PRODUCT_BUNDLE_IDENTIFIER = com.michaelshea.UpShiftMobile;
				PRODUCT_NAME = "$(TARGET_NAME)";
				REGISTER_APP_GROUPS = YES;
				SDKROOT = auto;
				STRING_CATALOG_GENERATE_SYMBOLS = YES;
				SUPPORTED_PLATFORMS = "iphoneos iphonesimulator macosx xros xrsimulator";
				SWIFT_APPROACHABLE_CONCURRENCY = YES;
				SWIFT_DEFAULT_ACTOR_ISOLATION = MainActor;
				SWIFT_EMIT_LOC_STRINGS = YES;
				SWIFT_UPCOMING_FEATURE_MEMBER_IMPORT_VISIBILITY = YES;
				SWIFT_VERSION = 5.0;
				TARGETED_DEVICE_FAMILY = "1,2,7";
				XROS_DEPLOYMENT_TARGET = 26.1;
			};
			name = Debug;
		};
		5BAA264E2ED790A300205CF2 /* Release */ = {
			isa = XCBuildConfiguration;
			buildSettings = {
				ASSETCATALOG_COMPILER_APPICON_NAME = AppIcon;
				ASSETCATALOG_COMPILER_GLOBAL_ACCENT_COLOR_NAME = AccentColor;
				CODE_SIGN_ENTITLEMENTS = UpShiftMobile/UpShiftMobile.entitlements;
				CODE_SIGN_STYLE = Automatic;
				CURRENT_PROJECT_VERSION = 1;
				DEVELOPMENT_TEAM = LTXRHLN2L5;
				ENABLE_APP_SANDBOX = YES;
				ENABLE_HARDENED_RUNTIME = YES;
				ENABLE_PREVIEWS = YES;
				ENABLE_USER_SELECTED_FILES = readonly;
				GENERATE_INFOPLIST_FILE = YES;
				"INFOPLIST_KEY_UIApplicationSceneManifest_Generation[sdk=iphoneos*]" = YES;
				"INFOPLIST_KEY_UIApplicationSceneManifest_Generation[sdk=iphonesimulator*]" = YES;
				"INFOPLIST_KEY_UIApplicationSupportsIndirectInputEvents[sdk=iphoneos*]" = YES;
				"INFOPLIST_KEY_UIApplicationSupportsIndirectInputEvents[sdk=iphonesimulator*]" = YES;
				"INFOPLIST_KEY_UILaunchScreen_Generation[sdk=iphoneos*]" = YES;
				"INFOPLIST_KEY_UILaunchScreen_Generation[sdk=iphonesimulator*]" = YES;
				"INFOPLIST_KEY_UIStatusBarStyle[sdk=iphoneos*]" = UIStatusBarStyleDefault;
				"INFOPLIST_KEY_UIStatusBarStyle[sdk=iphonesimulator*]" = UIStatusBarStyleDefault;
				INFOPLIST_KEY_UISupportedInterfaceOrientations_iPad = "UIInterfaceOrientationPortrait UIInterfaceOrientationPortraitUpsideDown UIInterfaceOrientationLandscapeLeft UIInterfaceOrientationLandscapeRight";
				INFOPLIST_KEY_UISupportedInterfaceOrientations_iPhone = "UIInterfaceOrientationPortrait UIInterfaceOrientationLandscapeLeft UIInterfaceOrientationLandscapeRight";
				IPHONEOS_DEPLOYMENT_TARGET = 26.1;
				LD_RUNPATH_SEARCH_PATHS = "@executable_path/Frameworks";
				"LD_RUNPATH_SEARCH_PATHS[sdk=macosx*]" = "@executable_path/../Frameworks";
				MACOSX_DEPLOYMENT_TARGET = 26.1;
				MARKETING_VERSION = 1.0;
				PRODUCT_BUNDLE_IDENTIFIER = com.michaelshea.UpShiftMobile;
				PRODUCT_NAME = "$(TARGET_NAME)";
				REGISTER_APP_GROUPS = YES;
				SDKROOT = auto;
				STRING_CATALOG_GENERATE_SYMBOLS = YES;
				SUPPORTED_PLATFORMS = "iphoneos iphonesimulator macosx xros xrsimulator";
				SWIFT_APPROACHABLE_CONCURRENCY = YES;
				SWIFT_DEFAULT_ACTOR_ISOLATION = MainActor;
				SWIFT_EMIT_LOC_STRINGS = YES;
				SWIFT_UPCOMING_FEATURE_MEMBER_IMPORT_VISIBILITY = YES;
				SWIFT_VERSION = 5.0;
				TARGETED_DEVICE_FAMILY = "1,2,7";
				XROS_DEPLOYMENT_TARGET = 26.1;
			};
			name = Release;
		};
		5BAA26502ED790A300205CF2 /* Debug */ = {
			isa = XCBuildConfiguration;
			buildSettings = {
				BUNDLE_LOADER = "$(TEST_HOST)";
				CODE_SIGN_STYLE = Automatic;
				CURRENT_PROJECT_VERSION = 1;
				DEVELOPMENT_TEAM = LTXRHLN2L5;
				GENERATE_INFOPLIST_FILE = YES;
				IPHONEOS_DEPLOYMENT_TARGET = 26.1;
				MACOSX_DEPLOYMENT_TARGET = 26.1;
				MARKETING_VERSION = 1.0;
				PRODUCT_BUNDLE_IDENTIFIER = com.michaelshea.UpShiftMobileTests;
				PRODUCT_NAME = "$(TARGET_NAME)";
				SDKROOT = auto;
				STRING_CATALOG_GENERATE_SYMBOLS = NO;
				SUPPORTED_PLATFORMS = "iphoneos iphonesimulator macosx xros xrsimulator";
				SWIFT_APPROACHABLE_CONCURRENCY = YES;
				SWIFT_EMIT_LOC_STRINGS = NO;
				SWIFT_UPCOMING_FEATURE_MEMBER_IMPORT_VISIBILITY = YES;
				SWIFT_VERSION = 5.0;
				TARGETED_DEVICE_FAMILY = "1,2,7";
				TEST_HOST = "$(BUILT_PRODUCTS_DIR)/UpShiftMobile.app/$(BUNDLE_EXECUTABLE_FOLDER_PATH)/UpShiftMobile";
				XROS_DEPLOYMENT_TARGET = 26.1;
			};
			name = Debug;
		};
		5BAA26512ED790A300205CF2 /* Release */ = {
			isa = XCBuildConfiguration;
			buildSettings = {
				BUNDLE_LOADER = "$(TEST_HOST)";
				CODE_SIGN_STYLE = Automatic;
				CURRENT_PROJECT_VERSION = 1;
				DEVELOPMENT_TEAM = LTXRHLN2L5;
				GENERATE_INFOPLIST_FILE = YES;
				IPHONEOS_DEPLOYMENT_TARGET = 26.1;
				MACOSX_DEPLOYMENT_TARGET = 26.1;
				MARKETING_VERSION = 1.0;
				PRODUCT_BUNDLE_IDENTIFIER = com.michaelshea.UpShiftMobileTests;
				PRODUCT_NAME = "$(TARGET_NAME)";
				SDKROOT = auto;
				STRING_CATALOG_GENERATE_SYMBOLS = NO;
				SUPPORTED_PLATFORMS = "iphoneos iphonesimulator macosx xros xrsimulator";
				SWIFT_APPROACHABLE_CONCURRENCY = YES;
				SWIFT_EMIT_LOC_STRINGS = NO;
				SWIFT_UPCOMING_FEATURE_MEMBER_IMPORT_VISIBILITY = YES;
				SWIFT_VERSION = 5.0;
				TARGETED_DEVICE_FAMILY = "1,2,7";
				TEST_HOST = "$(BUILT_PRODUCTS_DIR)/UpShiftMobile.app/$(BUNDLE_EXECUTABLE_FOLDER_PATH)/UpShiftMobile";
				XROS_DEPLOYMENT_TARGET = 26.1;
			};
			name = Release;
		};
		5BAA26532ED790A300205CF2 /* Debug */ = {
			isa = XCBuildConfiguration;
			buildSettings = {
				CODE_SIGN_STYLE = Automatic;
				CURRENT_PROJECT_VERSION = 1;
				DEVELOPMENT_TEAM = LTXRHLN2L5;
				GENERATE_INFOPLIST_FILE = YES;
				IPHONEOS_DEPLOYMENT_TARGET = 26.1;
				MACOSX_DEPLOYMENT_TARGET = 26.1;
				MARKETING_VERSION = 1.0;
				PRODUCT_BUNDLE_IDENTIFIER = com.michaelshea.UpShiftMobileUITests;
				PRODUCT_NAME = "$(TARGET_NAME)";
				SDKROOT = auto;
				STRING_CATALOG_GENERATE_SYMBOLS = NO;
				SUPPORTED_PLATFORMS = "iphoneos iphonesimulator macosx xros xrsimulator";
				SWIFT_APPROACHABLE_CONCURRENCY = YES;
				SWIFT_EMIT_LOC_STRINGS = NO;
				SWIFT_UPCOMING_FEATURE_MEMBER_IMPORT_VISIBILITY = YES;
				SWIFT_VERSION = 5.0;
				TARGETED_DEVICE_FAMILY = "1,2,7";
				TEST_TARGET_NAME = UpShiftMobile;
				XROS_DEPLOYMENT_TARGET = 26.1;
			};
			name = Debug;
		};
		5BAA26542ED790A300205CF2 /* Release */ = {
			isa = XCBuildConfiguration;
			buildSettings = {
				CODE_SIGN_STYLE = Automatic;
				CURRENT_PROJECT_VERSION = 1;
				DEVELOPMENT_TEAM = LTXRHLN2L5;
				GENERATE_INFOPLIST_FILE = YES;
				IPHONEOS_DEPLOYMENT_TARGET = 26.1;
				MACOSX_DEPLOYMENT_TARGET = 26.1;
				MARKETING_VERSION = 1.0;
				PRODUCT_BUNDLE_IDENTIFIER = com.michaelshea.UpShiftMobileUITests;
				PRODUCT_NAME = "$(TARGET_NAME)";
				SDKROOT = auto;
				STRING_CATALOG_GENERATE_SYMBOLS = NO;
				SUPPORTED_PLATFORMS = "iphoneos iphonesimulator macosx xros xrsimulator";
				SWIFT_APPROACHABLE_CONCURRENCY = YES;
				SWIFT_EMIT_LOC_STRINGS = NO;
				SWIFT_UPCOMING_FEATURE_MEMBER_IMPORT_VISIBILITY = YES;
				SWIFT_VERSION = 5.0;
				TARGETED_DEVICE_FAMILY = "1,2,7";
				TEST_TARGET_NAME = UpShiftMobile;
				XROS_DEPLOYMENT_TARGET = 26.1;
			};
			name = Release;
		};
/* End XCBuildConfiguration section */

/* Begin XCConfigurationList section */
		5BAA26242ED790A100205CF2 /* Build configuration list for PBXProject "UpShiftMobile" */ = {
			isa = XCConfigurationList;
			buildConfigurations = (
				5BAA264A2ED790A300205CF2 /* Debug */,
				5BAA264B2ED790A300205CF2 /* Release */,
			);
			defaultConfigurationIsVisible = 0;
			defaultConfigurationName = Release;
		};
		5BAA264C2ED790A300205CF2 /* Build configuration list for PBXNativeTarget "UpShiftMobile" */ = {
			isa = XCConfigurationList;
			buildConfigurations = (
				5BAA264D2ED790A300205CF2 /* Debug */,
				5BAA264E2ED790A300205CF2 /* Release */,
			);
			defaultConfigurationIsVisible = 0;
			defaultConfigurationName = Release;
		};
		5BAA264F2ED790A300205CF2 /* Build configuration list for PBXNativeTarget "UpShiftMobileTests" */ = {
			isa = XCConfigurationList;
			buildConfigurations = (
				5BAA26502ED790A300205CF2 /* Debug */,
				5BAA26512ED790A300205CF2 /* Release */,
			);
			defaultConfigurationIsVisible = 0;
			defaultConfigurationName = Release;
		};
		5BAA26522ED790A300205CF2 /* Build configuration list for PBXNativeTarget "UpShiftMobileUITests" */ = {
			isa = XCConfigurationList;
			buildConfigurations = (
				5BAA26532ED790A300205CF2 /* Debug */,
				5BAA26542ED790A300205CF2 /* Release */,
			);
			defaultConfigurationIsVisible = 0;
			defaultConfigurationName = Release;
		};
/* End XCConfigurationList section */

/* Begin XCLocalSwiftPackageReference section */
		5BAA26B72EDA3B2400205CF2 /* XCLocalSwiftPackageReference "UpShiftAPI" */ = {
			isa = XCLocalSwiftPackageReference;
			relativePath = UpShiftAPI;
		};
/* End XCLocalSwiftPackageReference section */

/* Begin XCRemoteSwiftPackageReference section */
		5BAA26562ED795FF00205CF2 /* XCRemoteSwiftPackageReference "clerk-ios" */ = {
			isa = XCRemoteSwiftPackageReference;
			repositoryURL = "https://github.com/clerk/clerk-ios";
			requirement = {
				kind = upToNextMajorVersion;
				minimumVersion = 0.71.2;
			};
		};
		5BAA26A62EDA366800205CF2 /* XCRemoteSwiftPackageReference "apollo-ios" */ = {
			isa = XCRemoteSwiftPackageReference;
			repositoryURL = "https://github.com/apollographql/apollo-ios";
			requirement = {
				kind = upToNextMajorVersion;
				minimumVersion = 2.0.3;
			};
		};
		5BAA26BE2EDA669600205CF2 /* XCRemoteSwiftPackageReference "HorizonCalendar" */ = {
			isa = XCRemoteSwiftPackageReference;
			repositoryURL = "https://github.com/airbnb/HorizonCalendar.git";
			requirement = {
				branch = master;
				kind = branch;
			};
		};
		5BAA26C12EDCDC5B00205CF2 /* XCRemoteSwiftPackageReference "swiftui-introspect" */ = {
			isa = XCRemoteSwiftPackageReference;
			repositoryURL = "https://github.com/siteline/swiftui-introspect";
			requirement = {
				kind = upToNextMajorVersion;
				minimumVersion = 26.0.0;
			};
		};
/* End XCRemoteSwiftPackageReference section */

/* Begin XCSwiftPackageProductDependency section */
		5BAA26572ED795FF00205CF2 /* Clerk */ = {
			isa = XCSwiftPackageProductDependency;
			package = 5BAA26562ED795FF00205CF2 /* XCRemoteSwiftPackageReference "clerk-ios" */;
			productName = Clerk;
		};
		5BAA26A72EDA366800205CF2 /* Apollo */ = {
			isa = XCSwiftPackageProductDependency;
			package = 5BAA26A62EDA366800205CF2 /* XCRemoteSwiftPackageReference "apollo-ios" */;
			productName = Apollo;
		};
		5BAA26A92EDA366800205CF2 /* ApolloWebSocket */ = {
			isa = XCSwiftPackageProductDependency;
			package = 5BAA26A62EDA366800205CF2 /* XCRemoteSwiftPackageReference "apollo-ios" */;
			productName = ApolloWebSocket;
		};
		5BAA26B82EDA3B2400205CF2 /* UpShiftAPI */ = {
			isa = XCSwiftPackageProductDependency;
			productName = UpShiftAPI;
		};
		5BAA26BF2EDA669600205CF2 /* HorizonCalendar */ = {
			isa = XCSwiftPackageProductDependency;
			package = 5BAA26BE2EDA669600205CF2 /* XCRemoteSwiftPackageReference "HorizonCalendar" */;
			productName = HorizonCalendar;
		};
		5BAA26C22EDCDC5B00205CF2 /* SwiftUIIntrospect */ = {
			isa = XCSwiftPackageProductDependency;
			package = 5BAA26C12EDCDC5B00205CF2 /* XCRemoteSwiftPackageReference "swiftui-introspect" */;
			productName = SwiftUIIntrospect;
		};
/* End XCSwiftPackageProductDependency section */
	};
	rootObject = 5BAA26212ED790A100205CF2 /* Project object */;
}
